
Microsoft Visual Studio Solution File, Format Version 12.00
# Visual Studio 2012
Project("{FAE04EC0-301F-11D3-BF4B-00C04F79EFBC}") = "Baseline.Web", "Baseline.Web\Baseline.Web.csproj", "{A7453514-4710-4B22-A48E-6D70FF55BC71}"
EndProject
Project("{FAE04EC0-301F-11D3-BF4B-00C04F79EFBC}") = "Baseline.DomainModel", "Baseline.DomainModel\Baseline.DomainModel.csproj", "{35C2D9D6-290A-4D78-AD2F-65E92BC4C6A2}"
EndProject
Project("{FAE04EC0-301F-11D3-BF4B-00C04F79EFBC}") = "Baseline.Core", "Baseline.Core\Baseline.Core.csproj", "{5E8BC0E6-207B-46AE-B11A-68D281B6539A}"
EndProject
Global
	GlobalSection(SolutionConfigurationPlatforms) = preSolution
		Debug|Any CPU = Debug|Any CPU
		Release|Any CPU = Release|Any CPU
	EndGlobalSection
	GlobalSection(ProjectConfigurationPlatforms) = postSolution
		{A7453514-4710-4B22-A48E-6D70FF55BC71}.Debug|Any CPU.ActiveCfg = Debug|Any CPU
		{A7453514-4710-4B22-A48E-6D70FF55BC71}.Debug|Any CPU.Build.0 = Debug|Any CPU
		{A7453514-4710-4B22-A48E-6D70FF55BC71}.Release|Any CPU.ActiveCfg = Release|Any CPU
		{A7453514-4710-4B22-A48E-6D70FF55BC71}.Release|Any CPU.Build.0 = Release|Any CPU
		{35C2D9D6-290A-4D78-AD2F-65E92BC4C6A2}.Debug|Any CPU.ActiveCfg = Debug|Any CPU
		{35C2D9D6-290A-4D78-AD2F-65E92BC4C6A2}.Debug|Any CPU.Build.0 = Debug|Any CPU
		{35C2D9D6-290A-4D78-AD2F-65E92BC4C6A2}.Release|Any CPU.ActiveCfg = Release|Any CPU
		{35C2D9D6-290A-4D78-AD2F-65E92BC4C6A2}.Release|Any CPU.Build.0 = Release|Any CPU
		{5E8BC0E6-207B-46AE-B11A-68D281B6539A}.Debug|Any CPU.ActiveCfg = Debug|Any CPU
		{5E8BC0E6-207B-46AE-B11A-68D281B6539A}.Debug|Any CPU.Build.0 = Debug|Any CPU
		{5E8BC0E6-207B-46AE-B11A-68D281B6539A}.Release|Any CPU.ActiveCfg = Release|Any CPU
		{5E8BC0E6-207B-46AE-B11A-68D281B6539A}.Release|Any CPU.Build.0 = Release|Any CPU
	EndGlobalSection
	GlobalSection(SolutionProperties) = preSolution
		HideSolutionNode = FALSE
	EndGlobalSection
EndGlobal
